
Microsoft Visual Studio Solution File, Format Version 12.00
# Visual Studio Version 17
VisualStudioVersion = 17.9.34728.123
MinimumVisualStudioVersion = 10.0.40219.1
Project("{FAE04EC0-301F-11D3-BF4B-00C04F79EFBC}") = "Dropper", "Dropper.csproj", "{A69F46BA-95AC-4D04-9F11-0756687F4582}"
EndProject
Global
	GlobalSection(SolutionConfigurationPlatforms) = preSolution
		Debug|Any CPU = Debug|Any CPU
		Release|Any CPU = Release|Any CPU
	EndGlobalSection
	GlobalSection(ProjectConfigurationPlatforms) = postSolution
		{A69F46BA-95AC-4D04-9F11-0756687F4582}.Debug|Any CPU.ActiveCfg = Debug|Any CPU
		{A69F46BA-95AC-4D04-9F11-0756687F4582}.Debug|Any CPU.Build.0 = Debug|Any CPU
		{A69F46BA-95AC-4D04-9F11-0756687F4582}.Release|Any CPU.ActiveCfg = Release|Any CPU
		{A69F46BA-95AC-4D04-9F11-0756687F4582}.Release|Any CPU.Build.0 = Release|Any CPU
	EndGlobalSection
	GlobalSection(SolutionProperties) = preSolution
		HideSolutionNode = FALSE
	EndGlobalSection
	GlobalSection(ExtensibilityGlobals) = postSolution
		SolutionGuid = {F8E9D6B6-9BF6-483B-B76C-3FAF9E86B12B}
	EndGlobalSection
EndGlobal
